version = 1
requires-python = ">=3.12"

[[package]]
name = "grpc"
version = "0.1.0"
source = { virtual = "." }
dependencies = [
    { name = "grpcio" },
    { name = "grpcio-tools" },
]

[package.metadata]
requires-dist = [
    { name = "grpcio", specifier = ">=1.68.1" },
    { name = "grpcio-tools", specifier = ">=1.68.1" },
]

[[package]]
name = "grpcio"
version = "1.68.1"
source = { registry = "https://pypi.org/simple" }
sdist = { url = "https://files.pythonhosted.org/packages/91/ec/b76ff6d86bdfd1737a5ec889394b54c18b1ec3832d91041e25023fbcb67d/grpcio-1.68.1.tar.gz", hash = "sha256:44a8502dd5de653ae6a73e2de50a401d84184f0331d0ac3daeb044e66d5c5054", size = 12694654 }
wheels = [
    { url = "https://files.pythonhosted.org/packages/f5/15/674a1468fef234fa996989509bbdfc0d695878cbb385b9271f5d690d5cd3/grpcio-1.68.1-cp312-cp312-linux_armv7l.whl", hash = "sha256:8829924fffb25386995a31998ccbbeaa7367223e647e0122043dfc485a87c666", size = 5148351 },
    { url = "https://files.pythonhosted.org/packages/62/f5/edce368682d6d0b3573b883b134df022a44b1c888ea416dd7d78d480ab24/grpcio-1.68.1-cp312-cp312-macosx_10_9_universal2.whl", hash = "sha256:3aed6544e4d523cd6b3119b0916cef3d15ef2da51e088211e4d1eb91a6c7f4f1", size = 11127559 },
    { url = "https://files.pythonhosted.org/packages/ce/14/a6fde3114eafd9e4e345d1ebd0291c544d83b22f0554b1678a2968ae39e1/grpcio-1.68.1-cp312-cp312-manylinux_2_17_aarch64.whl", hash = "sha256:4efac5481c696d5cb124ff1c119a78bddbfdd13fc499e3bc0ca81e95fc573684", size = 5645221 },
    { url = "https://files.pythonhosted.org/packages/21/21/d1865bd6a22f9a26217e4e1b35f9105f7a0cdfb7a5fffe8be48e1a1afafc/grpcio-1.68.1-cp312-cp312-manylinux_2_17_i686.manylinux2014_i686.whl", hash = "sha256:6ab2d912ca39c51f46baf2a0d92aa265aa96b2443266fc50d234fa88bf877d8e", size = 6292270 },
    { url = "https://files.pythonhosted.org/packages/3a/f6/19798be6c3515a7b1fb9570198c91710472e2eb21f1900109a76834829e3/grpcio-1.68.1-cp312-cp312-manylinux_2_17_x86_64.manylinux2014_x86_64.whl", hash = "sha256:95c87ce2a97434dffe7327a4071839ab8e8bffd0054cc74cbe971fba98aedd60", size = 5905978 },
    { url = "https://files.pythonhosted.org/packages/9b/43/c3670a657445cd55be1246f64dbc3a6a33cab0f0141c5836df2e04f794c8/grpcio-1.68.1-cp312-cp312-musllinux_1_1_i686.whl", hash = "sha256:e4842e4872ae4ae0f5497bf60a0498fa778c192cc7a9e87877abd2814aca9475", size = 6630444 },
    { url = "https://files.pythonhosted.org/packages/80/69/fbbebccffd266bea4268b685f3e8e03613405caba69e93125dc783036465/grpcio-1.68.1-cp312-cp312-musllinux_1_1_x86_64.whl", hash = "sha256:255b1635b0ed81e9f91da4fcc8d43b7ea5520090b9a9ad9340d147066d1d3613", size = 6200324 },
    { url = "https://files.pythonhosted.org/packages/65/5c/27a26c21916f94f0c1585111974a5d5a41d8420dcb42c2717ee514c97a97/grpcio-1.68.1-cp312-cp312-win32.whl", hash = "sha256:7dfc914cc31c906297b30463dde0b9be48e36939575eaf2a0a22a8096e69afe5", size = 3638381 },
    { url = "https://files.pythonhosted.org/packages/a3/ba/ba6b65ccc93c7df1031c6b41e45b79a5a37e46b81d816bb3ea68ba476d77/grpcio-1.68.1-cp312-cp312-win_amd64.whl", hash = "sha256:a0c8ddabef9c8f41617f213e527254c41e8b96ea9d387c632af878d05db9229c", size = 4389959 },
    { url = "https://files.pythonhosted.org/packages/37/1a/15ccc08da339a5536690e6f877963422a5abf3f6dfeed96b3175f5c816b9/grpcio-1.68.1-cp313-cp313-linux_armv7l.whl", hash = "sha256:a47faedc9ea2e7a3b6569795c040aae5895a19dde0c728a48d3c5d7995fda385", size = 5149822 },
    { url = "https://files.pythonhosted.org/packages/bc/fe/91bb4b160cd251d5b5ee722e6342355f76d1ffe176c50a6ef0e8256fbb47/grpcio-1.68.1-cp313-cp313-macosx_10_13_universal2.whl", hash = "sha256:390eee4225a661c5cd133c09f5da1ee3c84498dc265fd292a6912b65c421c78c", size = 11085016 },
    { url = "https://files.pythonhosted.org/packages/55/2d/0bb2478410f5896da1090b9f43c2979dd72e7e97d10bc223bfbdddcf8eca/grpcio-1.68.1-cp313-cp313-manylinux_2_17_aarch64.whl", hash = "sha256:66a24f3d45c33550703f0abb8b656515b0ab777970fa275693a2f6dc8e35f1c1", size = 5645634 },
    { url = "https://files.pythonhosted.org/packages/f5/6c/e2d22d963b695f87a09965246beb1c3224b09ffc666fc0b285820926499a/grpcio-1.68.1-cp313-cp313-manylinux_2_17_i686.manylinux2014_i686.whl", hash = "sha256:c08079b4934b0bf0a8847f42c197b1d12cba6495a3d43febd7e99ecd1cdc8d54", size = 6291096 },
    { url = "https://files.pythonhosted.org/packages/6f/f6/21d9204e2c4c0804ad72be8c830c44f0e1355e649c173f87508b7f0e5488/grpcio-1.68.1-cp313-cp313-manylinux_2_17_x86_64.manylinux2014_x86_64.whl", hash = "sha256:8720c25cd9ac25dd04ee02b69256d0ce35bf8a0f29e20577427355272230965a", size = 5906528 },
    { url = "https://files.pythonhosted.org/packages/39/2a/bf6ae4fef13755ca236d587d630b82207cfad43cf956870adead97fd1ef1/grpcio-1.68.1-cp313-cp313-musllinux_1_1_i686.whl", hash = "sha256:04cfd68bf4f38f5bb959ee2361a7546916bd9a50f78617a346b3aeb2b42e2161", size = 6634215 },
    { url = "https://files.pythonhosted.org/packages/5b/83/9c96a6adfbea5e8a9ed408410c0259942713be64173b8816c7bf6ac2d830/grpcio-1.68.1-cp313-cp313-musllinux_1_1_x86_64.whl", hash = "sha256:c28848761a6520c5c6071d2904a18d339a796ebe6b800adc8b3f474c5ce3c3ad", size = 6200750 },
    { url = "https://files.pythonhosted.org/packages/b4/3e/af42f87759c6301c4fed894b3dd801b13162ba1d8e2942412e788ac749eb/grpcio-1.68.1-cp313-cp313-win32.whl", hash = "sha256:77d65165fc35cff6e954e7fd4229e05ec76102d4406d4576528d3a3635fc6172", size = 3637594 },
    { url = "https://files.pythonhosted.org/packages/7e/d1/3bef33a3d5d26d4ea9284e1b464f481d6d21ed8ae1c3da381b05f62c701d/grpcio-1.68.1-cp313-cp313-win_amd64.whl", hash = "sha256:a8040f85dcb9830d8bbb033ae66d272614cec6faceee88d37a88a9bd1a7a704e", size = 4391184 },
]

[[package]]
name = "grpcio-tools"
version = "1.68.1"
source = { registry = "https://pypi.org/simple" }
dependencies = [
    { name = "grpcio" },
    { name = "protobuf" },
    { name = "setuptools" },
]
sdist = { url = "https://files.pythonhosted.org/packages/2a/2f/d2fc30b79d892050a3c40ef8d17d602f4c6eced066d584621c7bbf195b0e/grpcio_tools-1.68.1.tar.gz", hash = "sha256:2413a17ad16c9c821b36e4a67fc64c37b9e4636ab1c3a07778018801378739ba", size = 5275384 }
wheels = [
    { url = "https://files.pythonhosted.org/packages/f6/d0/45b59ef7f3b88cbf501558cccc5278ad7048e9ed367b947372a69c05aaf9/grpcio_tools-1.68.1-cp312-cp312-linux_armv7l.whl", hash = "sha256:d67a9d1ad22ff0d22715dba1d5f8f23ebd47cea84ccd20c90bf4690d988adc5b", size = 2342316 },
    { url = "https://files.pythonhosted.org/packages/56/2e/845b627d16833d0117c23c40f54f4d25845ec3457303928e3d4b879f10b9/grpcio_tools-1.68.1-cp312-cp312-macosx_10_9_universal2.whl", hash = "sha256:c7f1e704ff73eb01afac51b63b74868a35aaa5d6f791fc63bd41af44a51aa232", size = 5585983 },
    { url = "https://files.pythonhosted.org/packages/8c/f1/1c5d01761a41614e56e1872c6727dfec24df6f97de6ea9f0762dc0aa3494/grpcio_tools-1.68.1-cp312-cp312-manylinux_2_17_aarch64.whl", hash = "sha256:e9f69988bd77db014795511c498e89a0db24bd47877e65921364114f88de3bee", size = 2306179 },
    { url = "https://files.pythonhosted.org/packages/8b/84/0a9b64167b6e41f7399bb27c2800124d7a3766682e656384434ceb12dba4/grpcio_tools-1.68.1-cp312-cp312-manylinux_2_17_i686.manylinux2014_i686.whl", hash = "sha256:8585ec7d11fcc2bb635b39605a4466ca9fa28dbae0c184fe58f456da72cb9031", size = 2679655 },
    { url = "https://files.pythonhosted.org/packages/98/a7/8a120bf17ed6462461a20f5dd10905e28b99caa5df2ad2c50b0ec3501d31/grpcio_tools-1.68.1-cp312-cp312-manylinux_2_17_x86_64.manylinux2014_x86_64.whl", hash = "sha256:c81d0be6c46fcbcd2cd126804060a95531cdf6d779436b2fbc68c8b4a7db2dc1", size = 2425466 },
    { url = "https://files.pythonhosted.org/packages/0b/5d/42e53a214024d85991eeaca3602ed991297c8e0cd361df7394f794dabfa1/grpcio_tools-1.68.1-cp312-cp312-musllinux_1_1_i686.whl", hash = "sha256:6efdb02e75baf289935b5dad665f0e0f7c3311d86aae0cd2c709e2a8a34bb620", size = 3289402 },
    { url = "https://files.pythonhosted.org/packages/09/f6/2c4f713d140ef1b5085130d468c2a12476e2fc963e0212033ce879d88224/grpcio_tools-1.68.1-cp312-cp312-musllinux_1_1_x86_64.whl", hash = "sha256:8ea367639e771e5a05f7320eb4ae2b27e09d2ec3baeae9819d1c590cc7eaaa08", size = 2903930 },
    { url = "https://files.pythonhosted.org/packages/9f/db/1256e1b75f78833cebd4d764902ba389c1437e9f208766f81d12fa64f473/grpcio_tools-1.68.1-cp312-cp312-win32.whl", hash = "sha256:a5b1021c9942bba7eca1555061e2d308f506198088a3a539fcb3633499c6635f", size = 946040 },
    { url = "https://files.pythonhosted.org/packages/e0/b2/f39c7c18ef4e7cca60a5aadff6e684209cb62e97d50ce66d0b9860090955/grpcio_tools-1.68.1-cp312-cp312-win_amd64.whl", hash = "sha256:315ad9c28940c95e85e57aeca309d298113175c2d5e8221501a05a51072f5477", size = 1096719 },
    { url = "https://files.pythonhosted.org/packages/68/d9/ebea463de32604f0d1397946e5341d3d986d2a92180218bd8cafc7dbe479/grpcio_tools-1.68.1-cp313-cp313-linux_armv7l.whl", hash = "sha256:67e49b5ede0cc8a0f988f41f7b72f6bc03180aecdb5213bd985bc1bbfd9ffdac", size = 2342125 },
    { url = "https://files.pythonhosted.org/packages/06/fc/9bc572b7ba18afc416a18272f0aaeb0099cbaa354ed5f4518f2556db70e8/grpcio_tools-1.68.1-cp313-cp313-macosx_10_13_universal2.whl", hash = "sha256:b78e38f953062d45ff92ec940da292dc9bfbf26de492c8dc44e12b13493a8e80", size = 5573889 },
    { url = "https://files.pythonhosted.org/packages/ff/85/4f114c688c5ede613b91b7f5148189fce11d7ec2898691dbc066406e87cb/grpcio_tools-1.68.1-cp313-cp313-manylinux_2_17_aarch64.whl", hash = "sha256:8ebe9df5bab4121e8f51e013a379be2027179a0c8013e89d686a1e5800e9c205", size = 2305568 },
    { url = "https://files.pythonhosted.org/packages/c8/60/19016c06086a4b000bc04ae2e4fdd3c113ba8c44a10d155227d8375b8c9a/grpcio_tools-1.68.1-cp313-cp313-manylinux_2_17_i686.manylinux2014_i686.whl", hash = "sha256:be553e3ea7447ed9e2e2d089f3b0a77000e86d2681b3c77498c98dddffc62d22", size = 2678659 },
    { url = "https://files.pythonhosted.org/packages/79/2a/2f2201895af55a2a177494e06890dfff05dc687ca2f9db19420374f8b066/grpcio_tools-1.68.1-cp313-cp313-manylinux_2_17_x86_64.manylinux2014_x86_64.whl", hash = "sha256:d4877f3eabb6185b5691f5218fedc86a84a833734847a294048862ec910a2854", size = 2425005 },
    { url = "https://files.pythonhosted.org/packages/62/19/da6105fe5b44537dd6c2c7d5eee046a1304ea408477b9756186f7ae1b593/grpcio_tools-1.68.1-cp313-cp313-musllinux_1_1_i686.whl", hash = "sha256:b98173e536e8f2779eff84a03409cca6497dc1fad3d10a47c8d881b2cb36259b", size = 3288873 },
    { url = "https://files.pythonhosted.org/packages/b1/79/e478d43e7c05c0457e1211b8a987deeb7778f3a2de9824272aa4f13334c9/grpcio_tools-1.68.1-cp313-cp313-musllinux_1_1_x86_64.whl", hash = "sha256:5b64035dcd0df70acf3af972c3f103b0ce141d29732fd94eaa8b38cf7c8e62fe", size = 2903212 },
    { url = "https://files.pythonhosted.org/packages/32/9c/5e47a4961959d359728c9beea67b74fb07ab3ba2c46dc83ebfa8cd39a717/grpcio_tools-1.68.1-cp313-cp313-win32.whl", hash = "sha256:573f3ed3276df20c308797ae834ac6c5595b1dd2953b243eedadbcd986a287d7", size = 945289 },
    { url = "https://files.pythonhosted.org/packages/ca/d3/9edb57f65f2950920efdf726a8c8b82f65bcde5ccf861a686060ca6512f3/grpcio_tools-1.68.1-cp313-cp313-win_amd64.whl", hash = "sha256:c4539c6231015c40db879fbc0feaaf03adb4275c1bd2b4dd26e2323f2a13655a", size = 1096008 },
]

[[package]]
name = "protobuf"
version = "5.29.1"
source = { registry = "https://pypi.org/simple" }
sdist = { url = "https://files.pythonhosted.org/packages/d2/4f/1639b7b1633d8fd55f216ba01e21bf2c43384ab25ef3ddb35d85a52033e8/protobuf-5.29.1.tar.gz", hash = "sha256:683be02ca21a6ffe80db6dd02c0b5b2892322c59ca57fd6c872d652cb80549cb", size = 424965 }
wheels = [
    { url = "https://files.pythonhosted.org/packages/50/c7/28669b04691a376cf7d0617d612f126aa0fff763d57df0142f9bf474c5b8/protobuf-5.29.1-cp310-abi3-win32.whl", hash = "sha256:22c1f539024241ee545cbcb00ee160ad1877975690b16656ff87dde107b5f110", size = 422706 },
    { url = "https://files.pythonhosted.org/packages/e3/33/dc7a7712f457456b7e0b16420ab8ba1cc8686751d3f28392eb43d0029ab9/protobuf-5.29.1-cp310-abi3-win_amd64.whl", hash = "sha256:1fc55267f086dd4050d18ef839d7bd69300d0d08c2a53ca7df3920cc271a3c34", size = 434505 },
    { url = "https://files.pythonhosted.org/packages/e5/39/44239fb1c6ec557e1731d996a5de89a9eb1ada7a92491fcf9c5d714052ed/protobuf-5.29.1-cp38-abi3-macosx_10_9_universal2.whl", hash = "sha256:d473655e29c0c4bbf8b69e9a8fb54645bc289dead6d753b952e7aa660254ae18", size = 417822 },
    { url = "https://files.pythonhosted.org/packages/fb/4a/ec56f101d38d4bef2959a9750209809242d86cf8b897db00f2f98bfa360e/protobuf-5.29.1-cp38-abi3-manylinux2014_aarch64.whl", hash = "sha256:b5ba1d0e4c8a40ae0496d0e2ecfdbb82e1776928a205106d14ad6985a09ec155", size = 319572 },
    { url = "https://files.pythonhosted.org/packages/04/52/c97c58a33b3d6c89a8138788576d372a90a6556f354799971c6b4d16d871/protobuf-5.29.1-cp38-abi3-manylinux2014_x86_64.whl", hash = "sha256:8ee1461b3af56145aca2800e6a3e2f928108c749ba8feccc6f5dd0062c410c0d", size = 319671 },
    { url = "https://files.pythonhosted.org/packages/3b/24/c8c49df8f6587719e1d400109b16c10c6902d0c9adddc8fff82840146f99/protobuf-5.29.1-py3-none-any.whl", hash = "sha256:32600ddb9c2a53dedc25b8581ea0f1fd8ea04956373c0c07577ce58d312522e0", size = 172547 },
]

[[package]]
name = "setuptools"
version = "75.6.0"
source = { registry = "https://pypi.org/simple" }
sdist = { url = "https://files.pythonhosted.org/packages/43/54/292f26c208734e9a7f067aea4a7e282c080750c4546559b58e2e45413ca0/setuptools-75.6.0.tar.gz", hash = "sha256:8199222558df7c86216af4f84c30e9b34a61d8ba19366cc914424cdbd28252f6", size = 1337429 }
wheels = [
    { url = "https://files.pythonhosted.org/packages/55/21/47d163f615df1d30c094f6c8bbb353619274edccf0327b185cc2493c2c33/setuptools-75.6.0-py3-none-any.whl", hash = "sha256:ce74b49e8f7110f9bf04883b730f4765b774ef3ef28f722cce7c273d253aaf7d", size = 1224032 },
]
